{
  "name": "testMultiAgents",
  "lockfileVersion": 3,
  "requires": true,
  "packages": {
    "": {
      "dependencies": {
        "js-simulator": "^1.0.17"
      }
    },
    "node_modules/js-simulator": {
      "version": "1.0.17",
      "resolved": "https://registry.npmjs.org/js-simulator/-/js-simulator-1.0.17.tgz",
      "integrity": "sha512-3bxPy1aog43Un9gu9zEGq32RbDS0sxQ9XRmzJxz+Br9rExwtA/ek9eJgQdxSyULogV2oC6TDfJMv5w1wYH2MhQ==",
      "bin": {
        "js-simulator": "src/jssim.js"
      }
    }
  }
}
